
Microsoft Visual Studio Solution File, Format Version 12.00
# Visual Studio Version 16
VisualStudioVersion = 16.0.30621.155
MinimumVisualStudioVersion = 10.0.40219.1
Project("{9A19103F-16F7-4668-BE54-9A1E7A4F7556}") = "HotelReservationSystem", "HotelReservationSystem\HotelReservationSystem.csproj", "{725E52D1-016A-4544-8CBE-9BF57D211A74}"
EndProject
Project("{FAE04EC0-301F-11D3-BF4B-00C04F79EFBC}") = "UnitTestProject1", "UnitTestProject1\UnitTestProject1.csproj", "{C84977BC-5CD5-438D-B60B-A0D61D119881}"
EndProject
Global
	GlobalSection(SolutionConfigurationPlatforms) = preSolution
		Debug|Any CPU = Debug|Any CPU
		Release|Any CPU = Release|Any CPU
	EndGlobalSection
	GlobalSection(ProjectConfigurationPlatforms) = postSolution
		{725E52D1-016A-4544-8CBE-9BF57D211A74}.Debug|Any CPU.ActiveCfg = Debug|Any CPU
		{725E52D1-016A-4544-8CBE-9BF57D211A74}.Debug|Any CPU.Build.0 = Debug|Any CPU
		{725E52D1-016A-4544-8CBE-9BF57D211A74}.Release|Any CPU.ActiveCfg = Release|Any CPU
		{725E52D1-016A-4544-8CBE-9BF57D211A74}.Release|Any CPU.Build.0 = Release|Any CPU
		{C84977BC-5CD5-438D-B60B-A0D61D119881}.Debug|Any CPU.ActiveCfg = Debug|Any CPU
		{C84977BC-5CD5-438D-B60B-A0D61D119881}.Debug|Any CPU.Build.0 = Debug|Any CPU
		{C84977BC-5CD5-438D-B60B-A0D61D119881}.Release|Any CPU.ActiveCfg = Release|Any CPU
		{C84977BC-5CD5-438D-B60B-A0D61D119881}.Release|Any CPU.Build.0 = Release|Any CPU
	EndGlobalSection
	GlobalSection(SolutionProperties) = preSolution
		HideSolutionNode = FALSE
	EndGlobalSection
	GlobalSection(ExtensibilityGlobals) = postSolution
		SolutionGuid = {06C29F8D-7BCB-438A-A519-43388853457F}
	EndGlobalSection
EndGlobal
